
Microsoft Visual Studio Solution File, Format Version 12.00
# Visual Studio Version 17
VisualStudioVersion = 17.0.31903.59
MinimumVisualStudioVersion = 10.0.40219.1
Project("{FAE04EC0-301F-11D3-BF4B-00C04F79EFBC}") = "Haas.Media.Downloader.Api", "Haas.Media.Downloader.Api\Haas.Media.Downloader.Api.csproj", "{E1C9333F-2089-444D-80A1-EC32A5AD72C8}"
EndProject
Project("{FAE04EC0-301F-11D3-BF4B-00C04F79EFBC}") = "Haas.Media.Aspire", "Haas.Media.Aspire\Haas.Media.Aspire.csproj", "{8EEFA662-46CF-44A5-AFD8-868A485EB2FB}"
EndProject
Project("{FAE04EC0-301F-11D3-BF4B-00C04F79EFBC}") = "Haas.Media.ServiceDefaults", "Haas.Media.ServiceDefaults\Haas.Media.ServiceDefaults.csproj", "{EB89810D-921B-4B51-B17E-E21422F452BE}"
EndProject
Global
	GlobalSection(SolutionConfigurationPlatforms) = preSolution
		Debug|Any CPU = Debug|Any CPU
		Release|Any CPU = Release|Any CPU
	EndGlobalSection
	GlobalSection(ProjectConfigurationPlatforms) = postSolution
		{E1C9333F-2089-444D-80A1-EC32A5AD72C8}.Debug|Any CPU.ActiveCfg = Debug|Any CPU
		{E1C9333F-2089-444D-80A1-EC32A5AD72C8}.Debug|Any CPU.Build.0 = Debug|Any CPU
		{E1C9333F-2089-444D-80A1-EC32A5AD72C8}.Release|Any CPU.ActiveCfg = Release|Any CPU
		{E1C9333F-2089-444D-80A1-EC32A5AD72C8}.Release|Any CPU.Build.0 = Release|Any CPU
		{8EEFA662-46CF-44A5-AFD8-868A485EB2FB}.Debug|Any CPU.ActiveCfg = Debug|Any CPU
		{8EEFA662-46CF-44A5-AFD8-868A485EB2FB}.Debug|Any CPU.Build.0 = Debug|Any CPU
		{8EEFA662-46CF-44A5-AFD8-868A485EB2FB}.Release|Any CPU.ActiveCfg = Release|Any CPU
		{8EEFA662-46CF-44A5-AFD8-868A485EB2FB}.Release|Any CPU.Build.0 = Release|Any CPU
		{EB89810D-921B-4B51-B17E-E21422F452BE}.Debug|Any CPU.ActiveCfg = Debug|Any CPU
		{EB89810D-921B-4B51-B17E-E21422F452BE}.Debug|Any CPU.Build.0 = Debug|Any CPU
		{EB89810D-921B-4B51-B17E-E21422F452BE}.Release|Any CPU.ActiveCfg = Release|Any CPU
		{EB89810D-921B-4B51-B17E-E21422F452BE}.Release|Any CPU.Build.0 = Release|Any CPU
	EndGlobalSection
	GlobalSection(SolutionProperties) = preSolution
		HideSolutionNode = FALSE
	EndGlobalSection
EndGlobal
